
Microsoft Visual Studio Solution File, Format Version 12.00
# Visual Studio Version 16
VisualStudioVersion = 16.0.28922.388
MinimumVisualStudioVersion = 10.0.40219.1
Project("{FAE04EC0-301F-11D3-BF4B-00C04F79EFBC}") = "InterfazUsuario", "WindowsFormsApp1\InterfazUsuario.csproj", "{E03FDE02-42A1-48A0-9E66-EDD2538A4059}"
EndProject
Project("{FAE04EC0-301F-11D3-BF4B-00C04F79EFBC}") = "Logica", "Logica\Logica.csproj", "{18DAE087-1248-4E5C-95AA-274CB74FA640}"
EndProject
Global
	GlobalSection(SolutionConfigurationPlatforms) = preSolution
		Debug|Any CPU = Debug|Any CPU
		Release|Any CPU = Release|Any CPU
	EndGlobalSection
	GlobalSection(ProjectConfigurationPlatforms) = postSolution
		{E03FDE02-42A1-48A0-9E66-EDD2538A4059}.Debug|Any CPU.ActiveCfg = Debug|Any CPU
		{E03FDE02-42A1-48A0-9E66-EDD2538A4059}.Debug|Any CPU.Build.0 = Debug|Any CPU
		{E03FDE02-42A1-48A0-9E66-EDD2538A4059}.Release|Any CPU.ActiveCfg = Release|Any CPU
		{E03FDE02-42A1-48A0-9E66-EDD2538A4059}.Release|Any CPU.Build.0 = Release|Any CPU
		{18DAE087-1248-4E5C-95AA-274CB74FA640}.Debug|Any CPU.ActiveCfg = Debug|Any CPU
		{18DAE087-1248-4E5C-95AA-274CB74FA640}.Debug|Any CPU.Build.0 = Debug|Any CPU
		{18DAE087-1248-4E5C-95AA-274CB74FA640}.Release|Any CPU.ActiveCfg = Release|Any CPU
		{18DAE087-1248-4E5C-95AA-274CB74FA640}.Release|Any CPU.Build.0 = Release|Any CPU
	EndGlobalSection
	GlobalSection(SolutionProperties) = preSolution
		HideSolutionNode = FALSE
	EndGlobalSection
	GlobalSection(ExtensibilityGlobals) = postSolution
		SolutionGuid = {919D5002-CC2F-4F23-976F-B3F8ADC02653}
	EndGlobalSection
EndGlobal
